
Microsoft Visual Studio Solution File, Format Version 10.00
# Visual Studio 2008
Project("{FAE04EC0-301F-11D3-BF4B-00C04F79EFBC}") = "MegamanData", "MegamanData\MegamanData.csproj", "{5E3EDA6A-C1D5-42FE-A223-354A72A6D073}"
EndProject
Project("{FAE04EC0-301F-11D3-BF4B-00C04F79EFBC}") = "Nini", "..\Nini\Source\Nini.csproj", "{9B920C90-08EF-4123-A6B7-5F25CF0F94EC}"
EndProject
Project("{FAE04EC0-301F-11D3-BF4B-00C04F79EFBC}") = "ROMHackLib", "..\ROMHackLib\ROMHackLib.csproj", "{A4137869-2359-4333-8C43-3879E03BF63F}"
EndProject
Global
	GlobalSection(SolutionConfigurationPlatforms) = preSolution
		Debug|Any CPU = Debug|Any CPU
		Release|Any CPU = Release|Any CPU
	EndGlobalSection
	GlobalSection(ProjectConfigurationPlatforms) = postSolution
		{5E3EDA6A-C1D5-42FE-A223-354A72A6D073}.Debug|Any CPU.ActiveCfg = Debug|Any CPU
		{5E3EDA6A-C1D5-42FE-A223-354A72A6D073}.Debug|Any CPU.Build.0 = Debug|Any CPU
		{5E3EDA6A-C1D5-42FE-A223-354A72A6D073}.Release|Any CPU.ActiveCfg = Release|Any CPU
		{5E3EDA6A-C1D5-42FE-A223-354A72A6D073}.Release|Any CPU.Build.0 = Release|Any CPU
		{9B920C90-08EF-4123-A6B7-5F25CF0F94EC}.Debug|Any CPU.ActiveCfg = Debug|Any CPU
		{9B920C90-08EF-4123-A6B7-5F25CF0F94EC}.Debug|Any CPU.Build.0 = Debug|Any CPU
		{9B920C90-08EF-4123-A6B7-5F25CF0F94EC}.Release|Any CPU.ActiveCfg = Release|Any CPU
		{9B920C90-08EF-4123-A6B7-5F25CF0F94EC}.Release|Any CPU.Build.0 = Release|Any CPU
		{A4137869-2359-4333-8C43-3879E03BF63F}.Debug|Any CPU.ActiveCfg = Debug|Any CPU
		{A4137869-2359-4333-8C43-3879E03BF63F}.Debug|Any CPU.Build.0 = Debug|Any CPU
		{A4137869-2359-4333-8C43-3879E03BF63F}.Release|Any CPU.ActiveCfg = Release|Any CPU
		{A4137869-2359-4333-8C43-3879E03BF63F}.Release|Any CPU.Build.0 = Release|Any CPU
	EndGlobalSection
	GlobalSection(SolutionProperties) = preSolution
		HideSolutionNode = FALSE
	EndGlobalSection
EndGlobal
